// !$*UTF8*$!
{
	archiveVersion = 1;
	classes = {
	};
	objectVersion = 46;
	objects = {

/* Begin PBXBuildFile section */
		CE7E6939141DC8B80013CF4A /* UIKit.framework in Frameworks */ = {isa = PBXBuildFile; fileRef = CE7E6938141DC8B80013CF4A /* UIKit.framework */; };
		CE7E693B141DC8B80013CF4A /* Foundation.framework in Frameworks */ = {isa = PBXBuildFile; fileRef = CE7E693A141DC8B80013CF4A /* Foundation.framework */; };
		CE7E693D141DC8B80013CF4A /* CoreGraphics.framework in Frameworks */ = {isa = PBXBuildFile; fileRef = CE7E693C141DC8B80013CF4A /* CoreGraphics.framework */; };
		CE7E6943141DC8B90013CF4A /* InfoPlist.strings in Resources */ = {isa = PBXBuildFile; fileRef = CE7E6941141DC8B90013CF4A /* InfoPlist.strings */; };
		CE7E6946141DC8B90013CF4A /* main.m in Sources */ = {isa = PBXBuildFile; fileRef = CE7E6945141DC8B90013CF4A /* main.m */; };
		CE7E6949141DC8B90013CF4A /* CinemaTicketsBookingAppDelegate.m in Sources */ = {isa = PBXBuildFile; fileRef = CE7E6948141DC8B90013CF4A /* CinemaTicketsBookingAppDelegate.m */; };
		CE7E694C141DC8B90013CF4A /* MainWindow.xib in Resources */ = {isa = PBXBuildFile; fileRef = CE7E694A141DC8B90013CF4A /* MainWindow.xib */; };
		CE7E694F141DC8B90013CF4A /* CinemaTicketsBookingViewController.m in Sources */ = {isa = PBXBuildFile; fileRef = CE7E694E141DC8B90013CF4A /* CinemaTicketsBookingViewController.m */; };
		CE7E6952141DC8B90013CF4A /* CinemaTicketsBookingViewController.xib in Resources */ = {isa = PBXBuildFile; fileRef = CE7E6950141DC8B90013CF4A /* CinemaTicketsBookingViewController.xib */; };
		CE7E695D141DC9280013CF4A /* iconLarge.png in Resources */ = {isa = PBXBuildFile; fileRef = CE7E6959141DC9280013CF4A /* iconLarge.png */; };
		CE7E695E141DC9280013CF4A /* iconSmall.png in Resources */ = {isa = PBXBuildFile; fileRef = CE7E695A141DC9280013CF4A /* iconSmall.png */; };
		CE7E6962141DC9440013CF4A /* Default.png in Resources */ = {isa = PBXBuildFile; fileRef = CE7E6961141DC9440013CF4A /* Default.png */; };
		CE7E6964141DC95F0013CF4A /* Default@2x.png in Resources */ = {isa = PBXBuildFile; fileRef = CE7E6963141DC95E0013CF4A /* Default@2x.png */; };
		CE7E696E141DCB5C0013CF4A /* MapKit.framework in Frameworks */ = {isa = PBXBuildFile; fileRef = CE7E696D141DCB5C0013CF4A /* MapKit.framework */; };
/* End PBXBuildFile section */

/* Begin PBXFileReference section */
		CE7E6934141DC8B80013CF4A /* CinemaTicketsBooking.app */ = {isa = PBXFileReference; explicitFileType = wrapper.application; includeInIndex = 0; path = CinemaTicketsBooking.app; sourceTree = BUILT_PRODUCTS_DIR; };
		CE7E6938141DC8B80013CF4A /* UIKit.framework */ = {isa = PBXFileReference; lastKnownFileType = wrapper.framework; name = UIKit.framework; path = System/Library/Frameworks/UIKit.framework; sourceTree = SDKROOT; };
		CE7E693A141DC8B80013CF4A /* Foundation.framework */ = {isa = PBXFileReference; lastKnownFileType = wrapper.framework; name = Foundation.framework; path = System/Library/Frameworks/Foundation.framework; sourceTree = SDKROOT; };
		CE7E693C141DC8B80013CF4A /* CoreGraphics.framework */ = {isa = PBXFileReference; lastKnownFileType = wrapper.framework; name = CoreGraphics.framework; path = System/Library/Frameworks/CoreGraphics.framework; sourceTree = SDKROOT; };
		CE7E6940141DC8B90013CF4A /* CinemaTicketsBooking-Info.plist */ = {isa = PBXFileReference; lastKnownFileType = text.plist.xml; path = "CinemaTicketsBooking-Info.plist"; sourceTree = "<group>"; };
		CE7E6942141DC8B90013CF4A /* en */ = {isa = PBXFileReference; lastKnownFileType = text.plist.strings; name = en; path = en.lproj/InfoPlist.strings; sourceTree = "<group>"; };
		CE7E6944141DC8B90013CF4A /* CinemaTicketsBooking-Prefix.pch */ = {isa = PBXFileReference; lastKnownFileType = sourcecode.c.h; path = "CinemaTicketsBooking-Prefix.pch"; sourceTree = "<group>"; };
		CE7E6945141DC8B90013CF4A /* main.m */ = {isa = PBXFileReference; lastKnownFileType = sourcecode.c.objc; path = main.m; sourceTree = "<group>"; };
		CE7E6947141DC8B90013CF4A /* CinemaTicketsBookingAppDelegate.h */ = {isa = PBXFileReference; lastKnownFileType = sourcecode.c.h; path = CinemaTicketsBookingAppDelegate.h; sourceTree = "<group>"; };
		CE7E6948141DC8B90013CF4A /* CinemaTicketsBookingAppDelegate.m */ = {isa = PBXFileReference; lastKnownFileType = sourcecode.c.objc; path = CinemaTicketsBookingAppDelegate.m; sourceTree = "<group>"; };
		CE7E694B141DC8B90013CF4A /* en */ = {isa = PBXFileReference; lastKnownFileType = file.xib; name = en; path = en.lproj/MainWindow.xib; sourceTree = "<group>"; };
		CE7E694D141DC8B90013CF4A /* CinemaTicketsBookingViewController.h */ = {isa = PBXFileReference; lastKnownFileType = sourcecode.c.h; path = CinemaTicketsBookingViewController.h; sourceTree = "<group>"; };
		CE7E694E141DC8B90013CF4A /* CinemaTicketsBookingViewController.m */ = {isa = PBXFileReference; lastKnownFileType = sourcecode.c.objc; path = CinemaTicketsBookingViewController.m; sourceTree = "<group>"; };
		CE7E6951141DC8B90013CF4A /* en */ = {isa = PBXFileReference; lastKnownFileType = file.xib; name = en; path = en.lproj/CinemaTicketsBookingViewController.xib; sourceTree = "<group>"; };
		CE7E6959141DC9280013CF4A /* iconLarge.png */ = {isa = PBXFileReference; lastKnownFileType = image.png; path = iconLarge.png; sourceTree = "<group>"; };
		CE7E695A141DC9280013CF4A /* iconSmall.png */ = {isa = PBXFileReference; lastKnownFileType = image.png; path = iconSmall.png; sourceTree = "<group>"; };
		CE7E6961141DC9440013CF4A /* Default.png */ = {isa = PBXFileReference; lastKnownFileType = image.png; path = Default.png; sourceTree = "<group>"; };
		CE7E6963141DC95E0013CF4A /* Default@2x.png */ = {isa = PBXFileReference; lastKnownFileType = image.png; path = "Default@2x.png"; sourceTree = "<group>"; };
		CE7E696D141DCB5C0013CF4A /* MapKit.framework */ = {isa = PBXFileReference; lastKnownFileType = wrapper.framework; name = MapKit.framework; path = System/Library/Frameworks/MapKit.framework; sourceTree = SDKROOT; };
/* End PBXFileReference section */

/* Begin PBXFrameworksBuildPhase section */
		CE7E6931141DC8B80013CF4A /* Frameworks */ = {
			isa = PBXFrameworksBuildPhase;
			buildActionMask = 2147483647;
			files = (
				CE7E696E141DCB5C0013CF4A /* MapKit.framework in Frameworks */,
				CE7E6939141DC8B80013CF4A /* UIKit.framework in Frameworks */,
				CE7E693B141DC8B80013CF4A /* Foundation.framework in Frameworks */,
				CE7E693D141DC8B80013CF4A /* CoreGraphics.framework in Frameworks */,
			);
			runOnlyForDeploymentPostprocessing = 0;
		};
/* End PBXFrameworksBuildPhase section */

/* Begin PBXGroup section */
		CE7E6929141DC8B80013CF4A = {
			isa = PBXGroup;
			children = (
				CE7E696D141DCB5C0013CF4A /* MapKit.framework */,
				CE7E6958141DC8FD0013CF4A /* Images */,
				CE7E693E141DC8B90013CF4A /* CinemaTicketsBooking */,
				CE7E6937141DC8B80013CF4A /* Frameworks */,
				CE7E6935141DC8B80013CF4A /* Products */,
			);
			sourceTree = "<group>";
		};
		CE7E6935141DC8B80013CF4A /* Products */ = {
			isa = PBXGroup;
			children = (
				CE7E6934141DC8B80013CF4A /* CinemaTicketsBooking.app */,
			);
			name = Products;
			sourceTree = "<group>";
		};
		CE7E6937141DC8B80013CF4A /* Frameworks */ = {
			isa = PBXGroup;
			children = (
				CE7E6938141DC8B80013CF4A /* UIKit.framework */,
				CE7E693A141DC8B80013CF4A /* Foundation.framework */,
				CE7E693C141DC8B80013CF4A /* CoreGraphics.framework */,
			);
			name = Frameworks;
			sourceTree = "<group>";
		};
		CE7E693E141DC8B90013CF4A /* CinemaTicketsBooking */ = {
			isa = PBXGroup;
			children = (
				CE7E6947141DC8B90013CF4A /* CinemaTicketsBookingAppDelegate.h */,
				CE7E6948141DC8B90013CF4A /* CinemaTicketsBookingAppDelegate.m */,
				CE7E694A141DC8B90013CF4A /* MainWindow.xib */,
				CE7E694D141DC8B90013CF4A /* CinemaTicketsBookingViewController.h */,
				CE7E694E141DC8B90013CF4A /* CinemaTicketsBookingViewController.m */,
				CE7E6950141DC8B90013CF4A /* CinemaTicketsBookingViewController.xib */,
				CE7E693F141DC8B90013CF4A /* Supporting Files */,
			);
			path = CinemaTicketsBooking;
			sourceTree = "<group>";
		};
		CE7E693F141DC8B90013CF4A /* Supporting Files */ = {
			isa = PBXGroup;
			children = (
				CE7E6940141DC8B90013CF4A /* CinemaTicketsBooking-Info.plist */,
				CE7E6941141DC8B90013CF4A /* InfoPlist.strings */,
				CE7E6944141DC8B90013CF4A /* CinemaTicketsBooking-Prefix.pch */,
				CE7E6945141DC8B90013CF4A /* main.m */,
			);
			name = "Supporting Files";
			sourceTree = "<group>";
		};
		CE7E6958141DC8FD0013CF4A /* Images */ = {
			isa = PBXGroup;
			children = (
				CE7E6959141DC9280013CF4A /* iconLarge.png */,
				CE7E695A141DC9280013CF4A /* iconSmall.png */,
				CE7E6961141DC9440013CF4A /* Default.png */,
				CE7E6963141DC95E0013CF4A /* Default@2x.png */,
			);
			name = Images;
			sourceTree = "<group>";
		};
/* End PBXGroup section */

/* Begin PBXNativeTarget section */
		CE7E6933141DC8B80013CF4A /* CinemaTicketsBooking */ = {
			isa = PBXNativeTarget;
			buildConfigurationList = CE7E6955141DC8B90013CF4A /* Build configuration list for PBXNativeTarget "CinemaTicketsBooking" */;
			buildPhases = (
				CE7E6930141DC8B80013CF4A /* Sources */,
				CE7E6931141DC8B80013CF4A /* Frameworks */,
				CE7E6932141DC8B80013CF4A /* Resources */,
			);
			buildRules = (
			);
			dependencies = (
			);
			name = CinemaTicketsBooking;
			productName = CinemaTicketsBooking;
			productReference = CE7E6934141DC8B80013CF4A /* CinemaTicketsBooking.app */;
			productType = "com.apple.product-type.application";
		};
/* End PBXNativeTarget section */

/* Begin PBXProject section */
		CE7E692B141DC8B80013CF4A /* Project object */ = {
			isa = PBXProject;
			buildConfigurationList = CE7E692E141DC8B80013CF4A /* Build configuration list for PBXProject "CinemaTicketsBooking" */;
			compatibilityVersion = "Xcode 3.2";
			developmentRegion = English;
			hasScannedForEncodings = 0;
			knownRegions = (
				en,
			);
			mainGroup = CE7E6929141DC8B80013CF4A;
			productRefGroup = CE7E6935141DC8B80013CF4A /* Products */;
			projectDirPath = "";
			projectRoot = "";
			targets = (
				CE7E6933141DC8B80013CF4A /* CinemaTicketsBooking */,
			);
		};
/* End PBXProject section */

/* Begin PBXResourcesBuildPhase section */
		CE7E6932141DC8B80013CF4A /* Resources */ = {
			isa = PBXResourcesBuildPhase;
			buildActionMask = 2147483647;
			files = (
				CE7E6943141DC8B90013CF4A /* InfoPlist.strings in Resources */,
				CE7E694C141DC8B90013CF4A /* MainWindow.xib in Resources */,
				CE7E6952141DC8B90013CF4A /* CinemaTicketsBookingViewController.xib in Resources */,
				CE7E695D141DC9280013CF4A /* iconLarge.png in Resources */,
				CE7E695E141DC9280013CF4A /* iconSmall.png in Resources */,
				CE7E6962141DC9440013CF4A /* Default.png in Resources */,
				CE7E6964141DC95F0013CF4A /* Default@2x.png in Resources */,
			);
			runOnlyForDeploymentPostprocessing = 0;
		};
/* End PBXResourcesBuildPhase section */

/* Begin PBXSourcesBuildPhase section */
		CE7E6930141DC8B80013CF4A /* Sources */ = {
			isa = PBXSourcesBuildPhase;
			buildActionMask = 2147483647;
			files = (
				CE7E6946141DC8B90013CF4A /* main.m in Sources */,
				CE7E6949141DC8B90013CF4A /* CinemaTicketsBookingAppDelegate.m in Sources */,
				CE7E694F141DC8B90013CF4A /* CinemaTicketsBookingViewController.m in Sources */,
			);
			runOnlyForDeploymentPostprocessing = 0;
		};
/* End PBXSourcesBuildPhase section */

/* Begin PBXVariantGroup section */
		CE7E6941141DC8B90013CF4A /* InfoPlist.strings */ = {
			isa = PBXVariantGroup;
			children = (
				CE7E6942141DC8B90013CF4A /* en */,
			);
			name = InfoPlist.strings;
			sourceTree = "<group>";
		};
		CE7E694A141DC8B90013CF4A /* MainWindow.xib */ = {
			isa = PBXVariantGroup;
			children = (
				CE7E694B141DC8B90013CF4A /* en */,
			);
			name = MainWindow.xib;
			sourceTree = "<group>";
		};
		CE7E6950141DC8B90013CF4A /* CinemaTicketsBookingViewController.xib */ = {
			isa = PBXVariantGroup;
			children = (
				CE7E6951141DC8B90013CF4A /* en */,
			);
			name = CinemaTicketsBookingViewController.xib;
			sourceTree = "<group>";
		};
/* End PBXVariantGroup section */

/* Begin XCBuildConfiguration section */
		CE7E6953141DC8B90013CF4A /* Debug */ = {
			isa = XCBuildConfiguration;
			buildSettings = {
				ARCHS = "$(ARCHS_STANDARD_32_BIT)";
				"CODE_SIGN_IDENTITY[sdk=iphoneos*]" = "iPhone Developer";
				GCC_C_LANGUAGE_STANDARD = gnu99;
				GCC_OPTIMIZATION_LEVEL = 0;
				GCC_PREPROCESSOR_DEFINITIONS = DEBUG;
				GCC_SYMBOLS_PRIVATE_EXTERN = NO;
				GCC_VERSION = com.apple.compilers.llvmgcc42;
				GCC_WARN_ABOUT_RETURN_TYPE = YES;
				GCC_WARN_UNUSED_VARIABLE = YES;
				IPHONEOS_DEPLOYMENT_TARGET = 4.3;
				SDKROOT = iphoneos;
			};
			name = Debug;
		};
		CE7E6954141DC8B90013CF4A /* Release */ = {
			isa = XCBuildConfiguration;
			buildSettings = {
				ARCHS = "$(ARCHS_STANDARD_32_BIT)";
				"CODE_SIGN_IDENTITY[sdk=iphoneos*]" = "iPhone Developer";
				GCC_C_LANGUAGE_STANDARD = gnu99;
				GCC_VERSION = com.apple.compilers.llvmgcc42;
				GCC_WARN_ABOUT_RETURN_TYPE = YES;
				GCC_WARN_UNUSED_VARIABLE = YES;
				IPHONEOS_DEPLOYMENT_TARGET = 4.3;
				OTHER_CFLAGS = "-DNS_BLOCK_ASSERTIONS=1";
				SDKROOT = iphoneos;
			};
			name = Release;
		};
		CE7E6956141DC8B90013CF4A /* Debug */ = {
			isa = XCBuildConfiguration;
			buildSettings = {
				ALWAYS_SEARCH_USER_PATHS = NO;
				COPY_PHASE_STRIP = NO;
				GCC_DYNAMIC_NO_PIC = NO;
				GCC_PRECOMPILE_PREFIX_HEADER = YES;
				GCC_PREFIX_HEADER = "CinemaTicketsBooking/CinemaTicketsBooking-Prefix.pch";
				INFOPLIST_FILE = "CinemaTicketsBooking/CinemaTicketsBooking-Info.plist";
				PRODUCT_NAME = "$(TARGET_NAME)";
				WRAPPER_EXTENSION = app;
			};
			name = Debug;
		};
		CE7E6957141DC8B90013CF4A /* Release */ = {
			isa = XCBuildConfiguration;
			buildSettings = {
				ALWAYS_SEARCH_USER_PATHS = NO;
				COPY_PHASE_STRIP = YES;
				GCC_PRECOMPILE_PREFIX_HEADER = YES;
				GCC_PREFIX_HEADER = "CinemaTicketsBooking/CinemaTicketsBooking-Prefix.pch";
				INFOPLIST_FILE = "CinemaTicketsBooking/CinemaTicketsBooking-Info.plist";
				PRODUCT_NAME = "$(TARGET_NAME)";
				VALIDATE_PRODUCT = YES;
				WRAPPER_EXTENSION = app;
			};
			name = Release;
		};
/* End XCBuildConfiguration section */

/* Begin XCConfigurationList section */
		CE7E692E141DC8B80013CF4A /* Build configuration list for PBXProject "CinemaTicketsBooking" */ = {
			isa = XCConfigurationList;
			buildConfigurations = (
				CE7E6953141DC8B90013CF4A /* Debug */,
				CE7E6954141DC8B90013CF4A /* Release */,
			);
			defaultConfigurationIsVisible = 0;
			defaultConfigurationName = Release;
		};
		CE7E6955141DC8B90013CF4A /* Build configuration list for PBXNativeTarget "CinemaTicketsBooking" */ = {
			isa = XCConfigurationList;
			buildConfigurations = (
				CE7E6956141DC8B90013CF4A /* Debug */,
				CE7E6957141DC8B90013CF4A /* Release */,
			);
			defaultConfigurationIsVisible = 0;
		};
/* End XCConfigurationList section */
	};
	rootObject = CE7E692B141DC8B80013CF4A /* Project object */;
}
