// !$*UTF8*$!
{
	archiveVersion = 1;
	classes = {
	};
	objectVersion = 46;
	objects = {

/* Begin PBXBuildFile section */
		63FD8837141764F1007FE4F1 /* UIKit.framework in Frameworks */ = {isa = PBXBuildFile; fileRef = 63FD8836141764F1007FE4F1 /* UIKit.framework */; };
		63FD8839141764F1007FE4F1 /* Foundation.framework in Frameworks */ = {isa = PBXBuildFile; fileRef = 63FD8838141764F1007FE4F1 /* Foundation.framework */; };
		63FD883B141764F1007FE4F1 /* CoreGraphics.framework in Frameworks */ = {isa = PBXBuildFile; fileRef = 63FD883A141764F1007FE4F1 /* CoreGraphics.framework */; };
		63FD8841141764F1007FE4F1 /* InfoPlist.strings in Resources */ = {isa = PBXBuildFile; fileRef = 63FD883F141764F1007FE4F1 /* InfoPlist.strings */; };
		63FD8844141764F1007FE4F1 /* main.m in Sources */ = {isa = PBXBuildFile; fileRef = 63FD8843141764F1007FE4F1 /* main.m */; };
		63FD8847141764F1007FE4F1 /* WebViewAppDelegate.m in Sources */ = {isa = PBXBuildFile; fileRef = 63FD8846141764F1007FE4F1 /* WebViewAppDelegate.m */; };
		63FD884A141764F1007FE4F1 /* MainWindow.xib in Resources */ = {isa = PBXBuildFile; fileRef = 63FD8848141764F1007FE4F1 /* MainWindow.xib */; };
		63FD884D141764F1007FE4F1 /* WebViewViewController.m in Sources */ = {isa = PBXBuildFile; fileRef = 63FD884C141764F1007FE4F1 /* WebViewViewController.m */; };
		63FD8850141764F1007FE4F1 /* WebViewViewController.xib in Resources */ = {isa = PBXBuildFile; fileRef = 63FD884E141764F1007FE4F1 /* WebViewViewController.xib */; };
		63FD88571417660B007FE4F1 /* MapKit.framework in Frameworks */ = {isa = PBXBuildFile; fileRef = 63FD88561417660B007FE4F1 /* MapKit.framework */; };
/* End PBXBuildFile section */

/* Begin PBXFileReference section */
		63FD8832141764F1007FE4F1 /* WebView.app */ = {isa = PBXFileReference; explicitFileType = wrapper.application; includeInIndex = 0; path = WebView.app; sourceTree = BUILT_PRODUCTS_DIR; };
		63FD8836141764F1007FE4F1 /* UIKit.framework */ = {isa = PBXFileReference; lastKnownFileType = wrapper.framework; name = UIKit.framework; path = System/Library/Frameworks/UIKit.framework; sourceTree = SDKROOT; };
		63FD8838141764F1007FE4F1 /* Foundation.framework */ = {isa = PBXFileReference; lastKnownFileType = wrapper.framework; name = Foundation.framework; path = System/Library/Frameworks/Foundation.framework; sourceTree = SDKROOT; };
		63FD883A141764F1007FE4F1 /* CoreGraphics.framework */ = {isa = PBXFileReference; lastKnownFileType = wrapper.framework; name = CoreGraphics.framework; path = System/Library/Frameworks/CoreGraphics.framework; sourceTree = SDKROOT; };
		63FD883E141764F1007FE4F1 /* WebView-Info.plist */ = {isa = PBXFileReference; lastKnownFileType = text.plist.xml; path = "WebView-Info.plist"; sourceTree = "<group>"; };
		63FD8840141764F1007FE4F1 /* en */ = {isa = PBXFileReference; lastKnownFileType = text.plist.strings; name = en; path = en.lproj/InfoPlist.strings; sourceTree = "<group>"; };
		63FD8842141764F1007FE4F1 /* WebView-Prefix.pch */ = {isa = PBXFileReference; lastKnownFileType = sourcecode.c.h; path = "WebView-Prefix.pch"; sourceTree = "<group>"; };
		63FD8843141764F1007FE4F1 /* main.m */ = {isa = PBXFileReference; lastKnownFileType = sourcecode.c.objc; path = main.m; sourceTree = "<group>"; };
		63FD8845141764F1007FE4F1 /* WebViewAppDelegate.h */ = {isa = PBXFileReference; lastKnownFileType = sourcecode.c.h; path = WebViewAppDelegate.h; sourceTree = "<group>"; };
		63FD8846141764F1007FE4F1 /* WebViewAppDelegate.m */ = {isa = PBXFileReference; lastKnownFileType = sourcecode.c.objc; path = WebViewAppDelegate.m; sourceTree = "<group>"; };
		63FD8849141764F1007FE4F1 /* en */ = {isa = PBXFileReference; lastKnownFileType = file.xib; name = en; path = en.lproj/MainWindow.xib; sourceTree = "<group>"; };
		63FD884B141764F1007FE4F1 /* WebViewViewController.h */ = {isa = PBXFileReference; lastKnownFileType = sourcecode.c.h; path = WebViewViewController.h; sourceTree = "<group>"; };
		63FD884C141764F1007FE4F1 /* WebViewViewController.m */ = {isa = PBXFileReference; lastKnownFileType = sourcecode.c.objc; path = WebViewViewController.m; sourceTree = "<group>"; };
		63FD884F141764F1007FE4F1 /* en */ = {isa = PBXFileReference; lastKnownFileType = file.xib; name = en; path = en.lproj/WebViewViewController.xib; sourceTree = "<group>"; };
		63FD88561417660B007FE4F1 /* MapKit.framework */ = {isa = PBXFileReference; lastKnownFileType = wrapper.framework; name = MapKit.framework; path = System/Library/Frameworks/MapKit.framework; sourceTree = SDKROOT; };
/* End PBXFileReference section */

/* Begin PBXFrameworksBuildPhase section */
		63FD882F141764F1007FE4F1 /* Frameworks */ = {
			isa = PBXFrameworksBuildPhase;
			buildActionMask = 2147483647;
			files = (
				63FD88571417660B007FE4F1 /* MapKit.framework in Frameworks */,
				63FD8837141764F1007FE4F1 /* UIKit.framework in Frameworks */,
				63FD8839141764F1007FE4F1 /* Foundation.framework in Frameworks */,
				63FD883B141764F1007FE4F1 /* CoreGraphics.framework in Frameworks */,
			);
			runOnlyForDeploymentPostprocessing = 0;
		};
/* End PBXFrameworksBuildPhase section */

/* Begin PBXGroup section */
		63FD8827141764F1007FE4F1 = {
			isa = PBXGroup;
			children = (
				63FD883C141764F1007FE4F1 /* WebView */,
				63FD8835141764F1007FE4F1 /* Frameworks */,
				63FD8833141764F1007FE4F1 /* Products */,
			);
			sourceTree = "<group>";
		};
		63FD8833141764F1007FE4F1 /* Products */ = {
			isa = PBXGroup;
			children = (
				63FD8832141764F1007FE4F1 /* WebView.app */,
			);
			name = Products;
			sourceTree = "<group>";
		};
		63FD8835141764F1007FE4F1 /* Frameworks */ = {
			isa = PBXGroup;
			children = (
				63FD88561417660B007FE4F1 /* MapKit.framework */,
				63FD8836141764F1007FE4F1 /* UIKit.framework */,
				63FD8838141764F1007FE4F1 /* Foundation.framework */,
				63FD883A141764F1007FE4F1 /* CoreGraphics.framework */,
			);
			name = Frameworks;
			sourceTree = "<group>";
		};
		63FD883C141764F1007FE4F1 /* WebView */ = {
			isa = PBXGroup;
			children = (
				63FD8845141764F1007FE4F1 /* WebViewAppDelegate.h */,
				63FD8846141764F1007FE4F1 /* WebViewAppDelegate.m */,
				63FD8848141764F1007FE4F1 /* MainWindow.xib */,
				63FD884B141764F1007FE4F1 /* WebViewViewController.h */,
				63FD884C141764F1007FE4F1 /* WebViewViewController.m */,
				63FD884E141764F1007FE4F1 /* WebViewViewController.xib */,
				63FD883D141764F1007FE4F1 /* Supporting Files */,
			);
			path = WebView;
			sourceTree = "<group>";
		};
		63FD883D141764F1007FE4F1 /* Supporting Files */ = {
			isa = PBXGroup;
			children = (
				63FD883E141764F1007FE4F1 /* WebView-Info.plist */,
				63FD883F141764F1007FE4F1 /* InfoPlist.strings */,
				63FD8842141764F1007FE4F1 /* WebView-Prefix.pch */,
				63FD8843141764F1007FE4F1 /* main.m */,
			);
			name = "Supporting Files";
			sourceTree = "<group>";
		};
/* End PBXGroup section */

/* Begin PBXNativeTarget section */
		63FD8831141764F1007FE4F1 /* WebView */ = {
			isa = PBXNativeTarget;
			buildConfigurationList = 63FD8853141764F1007FE4F1 /* Build configuration list for PBXNativeTarget "WebView" */;
			buildPhases = (
				63FD882E141764F1007FE4F1 /* Sources */,
				63FD882F141764F1007FE4F1 /* Frameworks */,
				63FD8830141764F1007FE4F1 /* Resources */,
			);
			buildRules = (
			);
			dependencies = (
			);
			name = WebView;
			productName = WebView;
			productReference = 63FD8832141764F1007FE4F1 /* WebView.app */;
			productType = "com.apple.product-type.application";
		};
/* End PBXNativeTarget section */

/* Begin PBXProject section */
		63FD8829141764F1007FE4F1 /* Project object */ = {
			isa = PBXProject;
			buildConfigurationList = 63FD882C141764F1007FE4F1 /* Build configuration list for PBXProject "WebView" */;
			compatibilityVersion = "Xcode 3.2";
			developmentRegion = English;
			hasScannedForEncodings = 0;
			knownRegions = (
				en,
			);
			mainGroup = 63FD8827141764F1007FE4F1;
			productRefGroup = 63FD8833141764F1007FE4F1 /* Products */;
			projectDirPath = "";
			projectRoot = "";
			targets = (
				63FD8831141764F1007FE4F1 /* WebView */,
			);
		};
/* End PBXProject section */

/* Begin PBXResourcesBuildPhase section */
		63FD8830141764F1007FE4F1 /* Resources */ = {
			isa = PBXResourcesBuildPhase;
			buildActionMask = 2147483647;
			files = (
				63FD8841141764F1007FE4F1 /* InfoPlist.strings in Resources */,
				63FD884A141764F1007FE4F1 /* MainWindow.xib in Resources */,
				63FD8850141764F1007FE4F1 /* WebViewViewController.xib in Resources */,
			);
			runOnlyForDeploymentPostprocessing = 0;
		};
/* End PBXResourcesBuildPhase section */

/* Begin PBXSourcesBuildPhase section */
		63FD882E141764F1007FE4F1 /* Sources */ = {
			isa = PBXSourcesBuildPhase;
			buildActionMask = 2147483647;
			files = (
				63FD8844141764F1007FE4F1 /* main.m in Sources */,
				63FD8847141764F1007FE4F1 /* WebViewAppDelegate.m in Sources */,
				63FD884D141764F1007FE4F1 /* WebViewViewController.m in Sources */,
			);
			runOnlyForDeploymentPostprocessing = 0;
		};
/* End PBXSourcesBuildPhase section */

/* Begin PBXVariantGroup section */
		63FD883F141764F1007FE4F1 /* InfoPlist.strings */ = {
			isa = PBXVariantGroup;
			children = (
				63FD8840141764F1007FE4F1 /* en */,
			);
			name = InfoPlist.strings;
			sourceTree = "<group>";
		};
		63FD8848141764F1007FE4F1 /* MainWindow.xib */ = {
			isa = PBXVariantGroup;
			children = (
				63FD8849141764F1007FE4F1 /* en */,
			);
			name = MainWindow.xib;
			sourceTree = "<group>";
		};
		63FD884E141764F1007FE4F1 /* WebViewViewController.xib */ = {
			isa = PBXVariantGroup;
			children = (
				63FD884F141764F1007FE4F1 /* en */,
			);
			name = WebViewViewController.xib;
			sourceTree = "<group>";
		};
/* End PBXVariantGroup section */

/* Begin XCBuildConfiguration section */
		63FD8851141764F1007FE4F1 /* Debug */ = {
			isa = XCBuildConfiguration;
			buildSettings = {
				ARCHS = "$(ARCHS_STANDARD_32_BIT)";
				"CODE_SIGN_IDENTITY[sdk=iphoneos*]" = "iPhone Developer";
				GCC_C_LANGUAGE_STANDARD = gnu99;
				GCC_OPTIMIZATION_LEVEL = 0;
				GCC_PREPROCESSOR_DEFINITIONS = DEBUG;
				GCC_SYMBOLS_PRIVATE_EXTERN = NO;
				GCC_VERSION = com.apple.compilers.llvmgcc42;
				GCC_WARN_ABOUT_RETURN_TYPE = YES;
				GCC_WARN_UNUSED_VARIABLE = YES;
				IPHONEOS_DEPLOYMENT_TARGET = 4.3;
				SDKROOT = iphoneos;
			};
			name = Debug;
		};
		63FD8852141764F1007FE4F1 /* Release */ = {
			isa = XCBuildConfiguration;
			buildSettings = {
				ARCHS = "$(ARCHS_STANDARD_32_BIT)";
				"CODE_SIGN_IDENTITY[sdk=iphoneos*]" = "iPhone Developer";
				GCC_C_LANGUAGE_STANDARD = gnu99;
				GCC_VERSION = com.apple.compilers.llvmgcc42;
				GCC_WARN_ABOUT_RETURN_TYPE = YES;
				GCC_WARN_UNUSED_VARIABLE = YES;
				IPHONEOS_DEPLOYMENT_TARGET = 4.3;
				OTHER_CFLAGS = "-DNS_BLOCK_ASSERTIONS=1";
				SDKROOT = iphoneos;
			};
			name = Release;
		};
		63FD8854141764F1007FE4F1 /* Debug */ = {
			isa = XCBuildConfiguration;
			buildSettings = {
				ALWAYS_SEARCH_USER_PATHS = NO;
				COPY_PHASE_STRIP = NO;
				GCC_DYNAMIC_NO_PIC = NO;
				GCC_PRECOMPILE_PREFIX_HEADER = YES;
				GCC_PREFIX_HEADER = "WebView/WebView-Prefix.pch";
				INFOPLIST_FILE = "WebView/WebView-Info.plist";
				PRODUCT_NAME = "$(TARGET_NAME)";
				WRAPPER_EXTENSION = app;
			};
			name = Debug;
		};
		63FD8855141764F1007FE4F1 /* Release */ = {
			isa = XCBuildConfiguration;
			buildSettings = {
				ALWAYS_SEARCH_USER_PATHS = NO;
				COPY_PHASE_STRIP = YES;
				GCC_PRECOMPILE_PREFIX_HEADER = YES;
				GCC_PREFIX_HEADER = "WebView/WebView-Prefix.pch";
				INFOPLIST_FILE = "WebView/WebView-Info.plist";
				PRODUCT_NAME = "$(TARGET_NAME)";
				VALIDATE_PRODUCT = YES;
				WRAPPER_EXTENSION = app;
			};
			name = Release;
		};
/* End XCBuildConfiguration section */

/* Begin XCConfigurationList section */
		63FD882C141764F1007FE4F1 /* Build configuration list for PBXProject "WebView" */ = {
			isa = XCConfigurationList;
			buildConfigurations = (
				63FD8851141764F1007FE4F1 /* Debug */,
				63FD8852141764F1007FE4F1 /* Release */,
			);
			defaultConfigurationIsVisible = 0;
			defaultConfigurationName = Release;
		};
		63FD8853141764F1007FE4F1 /* Build configuration list for PBXNativeTarget "WebView" */ = {
			isa = XCConfigurationList;
			buildConfigurations = (
				63FD8854141764F1007FE4F1 /* Debug */,
				63FD8855141764F1007FE4F1 /* Release */,
			);
			defaultConfigurationIsVisible = 0;
		};
/* End XCConfigurationList section */
	};
	rootObject = 63FD8829141764F1007FE4F1 /* Project object */;
}
